dependencies:
- name: postgresql
  repository: https://charts.bitnami.com/bitnami
  version: 16.7.26
- name: redis
  repository: https://charts.bitnami.com/bitnami
  version: 22.0.3
digest: sha256:b51d9eb29550b57922fe89907f31ae47b0bc7fb49f1c4320dece39326eb60840
generated: "2025-08-17T15:40:09.650147+03:00"
